
Microsoft Visual Studio Solution File, Format Version 12.00
# Visual Studio Version 17
VisualStudioVersion = 17.4.33213.308
MinimumVisualStudioVersion = 10.0.40219.1
Project("{FAE04EC0-301F-11D3-BF4B-00C04F79EFBC}") = "SportsStore", "SportsStore.csproj", "{0DC16CAB-06FA-4111-B5F7-7C13BA1B0384}"
EndProject
Global
	GlobalSection(SolutionConfigurationPlatforms) = preSolution
		Debug|Any CPU = Debug|Any CPU
		Release|Any CPU = Release|Any CPU
	EndGlobalSection
	GlobalSection(ProjectConfigurationPlatforms) = postSolution
		{0DC16CAB-06FA-4111-B5F7-7C13BA1B0384}.Debug|Any CPU.ActiveCfg = Debug|Any CPU
		{0DC16CAB-06FA-4111-B5F7-7C13BA1B0384}.Debug|Any CPU.Build.0 = Debug|Any CPU
		{0DC16CAB-06FA-4111-B5F7-7C13BA1B0384}.Release|Any CPU.ActiveCfg = Release|Any CPU
		{0DC16CAB-06FA-4111-B5F7-7C13BA1B0384}.Release|Any CPU.Build.0 = Release|Any CPU
	EndGlobalSection
	GlobalSection(SolutionProperties) = preSolution
		HideSolutionNode = FALSE
	EndGlobalSection
	GlobalSection(ExtensibilityGlobals) = postSolution
		SolutionGuid = {16D54EBC-7B4C-4CA9-A458-47BE3CA041BB}
	EndGlobalSection
EndGlobal
